
Microsoft Visual Studio Solution File, Format Version 12.00
# Visual Studio 15
VisualStudioVersion = 15.0.27004.2006
MinimumVisualStudioVersion = 10.0.40219.1
Project("{F184B08F-C81C-45F6-A57F-5ABD9991F28F}") = "10547ScoutingApp", "10547ScoutingApp\10547ScoutingApp.vbproj", "{F1215B94-4906-4C18-87B3-7D838CB38B6C}"
EndProject
Global
	GlobalSection(SolutionConfigurationPlatforms) = preSolution
		Debug|Any CPU = Debug|Any CPU
		Release|Any CPU = Release|Any CPU
	EndGlobalSection
	GlobalSection(ProjectConfigurationPlatforms) = postSolution
		{F1215B94-4906-4C18-87B3-7D838CB38B6C}.Debug|Any CPU.ActiveCfg = Debug|Any CPU
		{F1215B94-4906-4C18-87B3-7D838CB38B6C}.Debug|Any CPU.Build.0 = Debug|Any CPU
		{F1215B94-4906-4C18-87B3-7D838CB38B6C}.Release|Any CPU.ActiveCfg = Release|Any CPU
		{F1215B94-4906-4C18-87B3-7D838CB38B6C}.Release|Any CPU.Build.0 = Release|Any CPU
	EndGlobalSection
	GlobalSection(SolutionProperties) = preSolution
		HideSolutionNode = FALSE
	EndGlobalSection
	GlobalSection(ExtensibilityGlobals) = postSolution
		SolutionGuid = {10A08F3E-9C3D-43E2-9676-37AA7ED83787}
	EndGlobalSection
EndGlobal
